
Microsoft Visual Studio Solution File, Format Version 12.00
# Visual Studio Version 17
VisualStudioVersion = 17.0.31912.275
MinimumVisualStudioVersion = 10.0.40219.1
Project("{FAE04EC0-301F-11D3-BF4B-00C04F79EFBC}") = "MetricConverter_WinApp", "MetricConverter_WinApp\MetricConverter_WinApp.csproj", "{38435ACB-C6B6-41A0-B385-11032694A2EF}"
EndProject
Global
	GlobalSection(SolutionConfigurationPlatforms) = preSolution
		Debug|Any CPU = Debug|Any CPU
		Release|Any CPU = Release|Any CPU
	EndGlobalSection
	GlobalSection(ProjectConfigurationPlatforms) = postSolution
		{38435ACB-C6B6-41A0-B385-11032694A2EF}.Debug|Any CPU.ActiveCfg = Debug|Any CPU
		{38435ACB-C6B6-41A0-B385-11032694A2EF}.Debug|Any CPU.Build.0 = Debug|Any CPU
		{38435ACB-C6B6-41A0-B385-11032694A2EF}.Release|Any CPU.ActiveCfg = Release|Any CPU
		{38435ACB-C6B6-41A0-B385-11032694A2EF}.Release|Any CPU.Build.0 = Release|Any CPU
	EndGlobalSection
	GlobalSection(SolutionProperties) = preSolution
		HideSolutionNode = FALSE
	EndGlobalSection
	GlobalSection(ExtensibilityGlobals) = postSolution
		SolutionGuid = {703A4EFB-3A39-4EA0-9DBB-7DFD960E53A9}
	EndGlobalSection
EndGlobal
